dependencies:
- name: common
  repository: http://zetta.ai/helm-charts/charts
  version: 0.1.0
- name: traefik-routes
  repository: http://zetta.ai/helm-charts/charts
  version: 0.6.0
digest: sha256:3082db17d4c4b6206ab1fea5cc7fce5e66e3f4201be2669bd1be2b5ed79582d7
generated: "2021-01-03T18:58:24.853674472+05:30"
